
Microsoft Visual Studio Solution File, Format Version 12.00
# Visual Studio 2012
Project("{FAE04EC0-301F-11D3-BF4B-00C04F79EFBC}") = "GeneticLib", "GeneticLib\GeneticLib.csproj", "{865727B7-471E-407B-AAD6-4B3256A4ECFB}"
EndProject
Global
	GlobalSection(SolutionConfigurationPlatforms) = preSolution
		Debug|Any CPU = Debug|Any CPU
		Release|Any CPU = Release|Any CPU
	EndGlobalSection
	GlobalSection(ProjectConfigurationPlatforms) = postSolution
		{865727B7-471E-407B-AAD6-4B3256A4ECFB}.Debug|Any CPU.ActiveCfg = Debug|Any CPU
		{865727B7-471E-407B-AAD6-4B3256A4ECFB}.Debug|Any CPU.Build.0 = Debug|Any CPU
		{865727B7-471E-407B-AAD6-4B3256A4ECFB}.Release|Any CPU.ActiveCfg = Release|Any CPU
		{865727B7-471E-407B-AAD6-4B3256A4ECFB}.Release|Any CPU.Build.0 = Release|Any CPU
	EndGlobalSection
EndGlobal
